
Microsoft Visual Studio Solution File, Format Version 12.00
# Visual Studio Version 17
VisualStudioVersion = 17.11.35312.102
MinimumVisualStudioVersion = 10.0.40219.1
Project("{FAE04EC0-301F-11D3-BF4B-00C04F79EFBC}") = "uproot", "uproot.csproj", "{B6862BCE-C402-4EF2-9AB9-335B747EC739}"
EndProject
Global
	GlobalSection(SolutionConfigurationPlatforms) = preSolution
		Debug|Any CPU = Debug|Any CPU
		Release|Any CPU = Release|Any CPU
	EndGlobalSection
	GlobalSection(ProjectConfigurationPlatforms) = postSolution
		{B6862BCE-C402-4EF2-9AB9-335B747EC739}.Debug|Any CPU.ActiveCfg = Debug|Any CPU
		{B6862BCE-C402-4EF2-9AB9-335B747EC739}.Debug|Any CPU.Build.0 = Debug|Any CPU
		{B6862BCE-C402-4EF2-9AB9-335B747EC739}.Release|Any CPU.ActiveCfg = Release|Any CPU
		{B6862BCE-C402-4EF2-9AB9-335B747EC739}.Release|Any CPU.Build.0 = Release|Any CPU
	EndGlobalSection
	GlobalSection(SolutionProperties) = preSolution
		HideSolutionNode = FALSE
	EndGlobalSection
	GlobalSection(ExtensibilityGlobals) = postSolution
		SolutionGuid = {764BF93C-0D9E-4A80-82F3-F9D48E087ED1}
	EndGlobalSection
EndGlobal
